{
  "name": "@emodyz/node-downloader",
  "version": "2.0.0-RC.1",
  "lockfileVersion": 2,
  "requires": true,
  "packages": {
    "": {
      "name": "@emodyz/node-downloader",
      "version": "2.0.0-RC.1",
      "license": "MIT",
      "devDependencies": {
        "@types/node": "^14.14.41",
        "node-downloader-helper": "^1.0.18",
        "typescript": "^4.2.4"
      }
    },
    "node_modules/@types/node": {
      "version": "14.14.41",
      "resolved": "https://registry.npmjs.org/@types/node/-/node-14.14.41.tgz",
      "integrity": "sha512-dueRKfaJL4RTtSa7bWeTK1M+VH+Gns73oCgzvYfHZywRCoPSd8EkXBL0mZ9unPTveBn+D9phZBaxuzpwjWkW0g==",
      "dev": true
    },
    "node_modules/node-downloader-helper": {
      "version": "1.0.18",
      "resolved": "https://registry.npmjs.org/node-downloader-helper/-/node-downloader-helper-1.0.18.tgz",
      "integrity": "sha512-C7hxYz/yg4d8DFVC6c4fMIOI7jywbpQHOznkax/74F8NcC8wSOLO+UxNMcwds/5wEL8W+RPXT9C389w3bDOMxw==",
      "dev": true,
      "bin": {
        "ndh": "bin/ndh"
      }
    },
    "node_modules/typescript": {
      "version": "4.2.4",
      "resolved": "https://registry.npmjs.org/typescript/-/typescript-4.2.4.tgz",
      "integrity": "sha512-V+evlYHZnQkaz8TRBuxTA92yZBPotr5H+WhQ7bD3hZUndx5tGOa1fuCgeSjxAzM1RiN5IzvadIXTVefuuwZCRg==",
      "dev": true,
      "bin": {
        "tsc": "bin/tsc",
        "tsserver": "bin/tsserver"
      },
      "engines": {
        "node": ">=4.2.0"
      }
    }
  },
  "dependencies": {
    "@types/node": {
      "version": "14.14.41",
      "resolved": "https://registry.npmjs.org/@types/node/-/node-14.14.41.tgz",
      "integrity": "sha512-dueRKfaJL4RTtSa7bWeTK1M+VH+Gns73oCgzvYfHZywRCoPSd8EkXBL0mZ9unPTveBn+D9phZBaxuzpwjWkW0g==",
      "dev": true
    },
    "node-downloader-helper": {
      "version": "1.0.18",
      "resolved": "https://registry.npmjs.org/node-downloader-helper/-/node-downloader-helper-1.0.18.tgz",
      "integrity": "sha512-C7hxYz/yg4d8DFVC6c4fMIOI7jywbpQHOznkax/74F8NcC8wSOLO+UxNMcwds/5wEL8W+RPXT9C389w3bDOMxw==",
      "dev": true
    },
    "typescript": {
      "version": "4.2.4",
      "resolved": "https://registry.npmjs.org/typescript/-/typescript-4.2.4.tgz",
      "integrity": "sha512-V+evlYHZnQkaz8TRBuxTA92yZBPotr5H+WhQ7bD3hZUndx5tGOa1fuCgeSjxAzM1RiN5IzvadIXTVefuuwZCRg==",
      "dev": true
    }
  }
}
